
Microsoft Visual Studio Solution File, Format Version 12.00
# Visual Studio 15
VisualStudioVersion = 15.0.28010.2050
MinimumVisualStudioVersion = 10.0.40219.1
Project("{FAE04EC0-301F-11D3-BF4B-00C04F79EFBC}") = "CpuLimit", "CpuLimit\CpuLimit.csproj", "{68D63AB0-36BB-4C8A-9603-E4599F57226A}"
EndProject
Project("{FAE04EC0-301F-11D3-BF4B-00C04F79EFBC}") = "Mandelbrot", "Mandelbrot\Mandelbrot.csproj", "{5E9CE68F-FAC0-4703-9982-72F75D03AC18}"
EndProject
Project("{FAE04EC0-301F-11D3-BF4B-00C04F79EFBC}") = "DotNext.Native", "DotNext.Native\DotNext.Native.csproj", "{30CA1E7E-8059-4B4C-9B21-65CE86404AF8}"
EndProject
Project("{FAE04EC0-301F-11D3-BF4B-00C04F79EFBC}") = "SharedMemory", "SharedMemory\SharedMemory.csproj", "{D5D18934-BF95-4120-AA8E-A88375CB16B6}"
EndProject
Project("{FAE04EC0-301F-11D3-BF4B-00C04F79EFBC}") = "MemoryResourceHandle", "MemoryResourceHandle\MemoryResourceHandle.csproj", "{05424E3F-68C0-4456-92D0-F2A70C5F7577}"
EndProject
Project("{FAE04EC0-301F-11D3-BF4B-00C04F79EFBC}") = "WeatherInfo", "WeatherInfo\WeatherInfo.csproj", "{2DEFE2E1-FFF7-4EE4-8CA6-89D9FD19D226}"
EndProject
Project("{FAE04EC0-301F-11D3-BF4B-00C04F79EFBC}") = "ProcessWait", "ProcessWaitHandle\ProcessWait.csproj", "{EBA02B64-4516-46C5-A8D5-BF785887C536}"
EndProject
Global
	GlobalSection(SolutionConfigurationPlatforms) = preSolution
		Debug|Any CPU = Debug|Any CPU
		Release|Any CPU = Release|Any CPU
	EndGlobalSection
	GlobalSection(ProjectConfigurationPlatforms) = postSolution
		{68D63AB0-36BB-4C8A-9603-E4599F57226A}.Debug|Any CPU.ActiveCfg = Debug|Any CPU
		{68D63AB0-36BB-4C8A-9603-E4599F57226A}.Debug|Any CPU.Build.0 = Debug|Any CPU
		{68D63AB0-36BB-4C8A-9603-E4599F57226A}.Release|Any CPU.ActiveCfg = Release|Any CPU
		{68D63AB0-36BB-4C8A-9603-E4599F57226A}.Release|Any CPU.Build.0 = Release|Any CPU
		{5E9CE68F-FAC0-4703-9982-72F75D03AC18}.Debug|Any CPU.ActiveCfg = Debug|Any CPU
		{5E9CE68F-FAC0-4703-9982-72F75D03AC18}.Debug|Any CPU.Build.0 = Debug|Any CPU
		{5E9CE68F-FAC0-4703-9982-72F75D03AC18}.Release|Any CPU.ActiveCfg = Release|Any CPU
		{5E9CE68F-FAC0-4703-9982-72F75D03AC18}.Release|Any CPU.Build.0 = Release|Any CPU
		{30CA1E7E-8059-4B4C-9B21-65CE86404AF8}.Debug|Any CPU.ActiveCfg = Debug|Any CPU
		{30CA1E7E-8059-4B4C-9B21-65CE86404AF8}.Debug|Any CPU.Build.0 = Debug|Any CPU
		{30CA1E7E-8059-4B4C-9B21-65CE86404AF8}.Release|Any CPU.ActiveCfg = Release|Any CPU
		{30CA1E7E-8059-4B4C-9B21-65CE86404AF8}.Release|Any CPU.Build.0 = Release|Any CPU
		{D5D18934-BF95-4120-AA8E-A88375CB16B6}.Debug|Any CPU.ActiveCfg = Debug|Any CPU
		{D5D18934-BF95-4120-AA8E-A88375CB16B6}.Debug|Any CPU.Build.0 = Debug|Any CPU
		{D5D18934-BF95-4120-AA8E-A88375CB16B6}.Release|Any CPU.ActiveCfg = Release|Any CPU
		{D5D18934-BF95-4120-AA8E-A88375CB16B6}.Release|Any CPU.Build.0 = Release|Any CPU
		{05424E3F-68C0-4456-92D0-F2A70C5F7577}.Debug|Any CPU.ActiveCfg = Debug|Any CPU
		{05424E3F-68C0-4456-92D0-F2A70C5F7577}.Debug|Any CPU.Build.0 = Debug|Any CPU
		{05424E3F-68C0-4456-92D0-F2A70C5F7577}.Release|Any CPU.ActiveCfg = Release|Any CPU
		{05424E3F-68C0-4456-92D0-F2A70C5F7577}.Release|Any CPU.Build.0 = Release|Any CPU
		{2DEFE2E1-FFF7-4EE4-8CA6-89D9FD19D226}.Debug|Any CPU.ActiveCfg = Debug|Any CPU
		{2DEFE2E1-FFF7-4EE4-8CA6-89D9FD19D226}.Debug|Any CPU.Build.0 = Debug|Any CPU
		{2DEFE2E1-FFF7-4EE4-8CA6-89D9FD19D226}.Release|Any CPU.ActiveCfg = Release|Any CPU
		{2DEFE2E1-FFF7-4EE4-8CA6-89D9FD19D226}.Release|Any CPU.Build.0 = Release|Any CPU
		{EBA02B64-4516-46C5-A8D5-BF785887C536}.Debug|Any CPU.ActiveCfg = Debug|Any CPU
		{EBA02B64-4516-46C5-A8D5-BF785887C536}.Debug|Any CPU.Build.0 = Debug|Any CPU
		{EBA02B64-4516-46C5-A8D5-BF785887C536}.Release|Any CPU.ActiveCfg = Release|Any CPU
		{EBA02B64-4516-46C5-A8D5-BF785887C536}.Release|Any CPU.Build.0 = Release|Any CPU
	EndGlobalSection
	GlobalSection(SolutionProperties) = preSolution
		HideSolutionNode = FALSE
	EndGlobalSection
	GlobalSection(ExtensibilityGlobals) = postSolution
		SolutionGuid = {5552AD5B-F2B3-45B5-AA91-4B0DEDDCECC8}
	EndGlobalSection
EndGlobal
